# This file is automatically @generated by Cargo.
# It is not intended for manual editing.
version = 3

[[package]]
name = "hpack"
version = "0.3.0"
source = "registry+https://github.com/rust-lang/crates.io-index"
checksum = "1c68f61350ad23817dd207b035b5258d91ac5eaef69e96f906628aaed8854dda"
dependencies = [
 "log 0.3.9",
]

[[package]]
name = "hyperflow"
version = "0.1.0"
dependencies = [
 "hpack",
]

[[package]]
name = "log"
version = "0.3.9"
source = "registry+https://github.com/rust-lang/crates.io-index"
checksum = "e19e8d5c34a3e0e2223db8e060f9e8264aeeb5c5fc64a4ee9965c062211c024b"
dependencies = [
 "log 0.4.21",
]

[[package]]
name = "log"
version = "0.4.21"
source = "registry+https://github.com/rust-lang/crates.io-index"
checksum = "90ed8c1e510134f979dbc4f070f87d4313098b704861a105fe34231c70a3901c"
